// !$*UTF8*$!
{
	archiveVersion = 1;
	classes = {
	};
	objectVersion = 46;
	objects = {

/* Begin PBXBuildFile section */
		70725B4F1DC9784F00C1A506 /* BoardCell.swift in Sources */ = {isa = PBXBuildFile; fileRef = 70725B4E1DC9784F00C1A506 /* BoardCell.swift */; };
		7076DB651DC43B2800F01924 /* AppDelegate.swift in Sources */ = {isa = PBXBuildFile; fileRef = 7076DB641DC43B2800F01924 /* AppDelegate.swift */; };
		7076DB671DC43B2800F01924 /* ChessViewController.swift in Sources */ = {isa = PBXBuildFile; fileRef = 7076DB661DC43B2800F01924 /* ChessViewController.swift */; };
		7076DB6C1DC43B2800F01924 /* Assets.xcassets in Resources */ = {isa = PBXBuildFile; fileRef = 7076DB6B1DC43B2800F01924 /* Assets.xcassets */; };
		7076DB6F1DC43B2800F01924 /* LaunchScreen.storyboard in Resources */ = {isa = PBXBuildFile; fileRef = 7076DB6D1DC43B2800F01924 /* LaunchScreen.storyboard */; };
		7092D17E1DCFEB1A0056A999 /* Swifty_ChessTests.swift in Sources */ = {isa = PBXBuildFile; fileRef = 7092D17D1DCFEB1A0056A999 /* Swifty_ChessTests.swift */; };
		70C84AB61DC44619000F2BD9 /* ChessBoard.swift in Sources */ = {isa = PBXBuildFile; fileRef = 70C84AB51DC44619000F2BD9 /* ChessBoard.swift */; };
		70C84AB81DC44643000F2BD9 /* ChessPiece.swift in Sources */ = {isa = PBXBuildFile; fileRef = 70C84AB71DC44643000F2BD9 /* ChessPiece.swift */; };
		70C84AC91DC8173F000F2BD9 /* BoardIndex.swift in Sources */ = {isa = PBXBuildFile; fileRef = 70C84AC81DC8173F000F2BD9 /* BoardIndex.swift */; };
		70C84ACB1DC81DE0000F2BD9 /* ChessCell.swift in Sources */ = {isa = PBXBuildFile; fileRef = 70C84ACA1DC81DE0000F2BD9 /* ChessCell.swift */; };
		70C84ACD1DC8524C000F2BD9 /* ChessVC.swift in Sources */ = {isa = PBXBuildFile; fileRef = 70C84ACC1DC8524C000F2BD9 /* ChessVC.swift */; };
/* End PBXBuildFile section */

/* Begin PBXContainerItemProxy section */
		7092D1801DCFEB1A0056A999 /* PBXContainerItemProxy */ = {
			isa = PBXContainerItemProxy;
			containerPortal = 7076DB591DC43B2800F01924 /* Project object */;
			proxyType = 1;
			remoteGlobalIDString = 7076DB601DC43B2800F01924;
			remoteInfo = "Swifty Chess";
		};
/* End PBXContainerItemProxy section */

/* Begin PBXFileReference section */
		70725B4E1DC9784F00C1A506 /* BoardCell.swift */ = {isa = PBXFileReference; fileEncoding = 4; lastKnownFileType = sourcecode.swift; path = BoardCell.swift; sourceTree = "<group>"; };
		7076DB611DC43B2800F01924 /* Swifty Chess.app */ = {isa = PBXFileReference; explicitFileType = wrapper.application; includeInIndex = 0; path = "Swifty Chess.app"; sourceTree = BUILT_PRODUCTS_DIR; };
		7076DB641DC43B2800F01924 /* AppDelegate.swift */ = {isa = PBXFileReference; lastKnownFileType = sourcecode.swift; path = AppDelegate.swift; sourceTree = "<group>"; };
		7076DB661DC43B2800F01924 /* ChessViewController.swift */ = {isa = PBXFileReference; lastKnownFileType = sourcecode.swift; path = ChessViewController.swift; sourceTree = "<group>"; };
		7076DB6B1DC43B2800F01924 /* Assets.xcassets */ = {isa = PBXFileReference; lastKnownFileType = folder.assetcatalog; path = Assets.xcassets; sourceTree = "<group>"; };
		7076DB6E1DC43B2800F01924 /* Base */ = {isa = PBXFileReference; lastKnownFileType = file.storyboard; name = Base; path = Base.lproj/LaunchScreen.storyboard; sourceTree = "<group>"; };
		7076DB701DC43B2800F01924 /* Info.plist */ = {isa = PBXFileReference; lastKnownFileType = text.plist.xml; path = Info.plist; sourceTree = "<group>"; };
		7092D17B1DCFEB1A0056A999 /* Swifty ChessTests.xctest */ = {isa = PBXFileReference; explicitFileType = wrapper.cfbundle; includeInIndex = 0; path = "Swifty ChessTests.xctest"; sourceTree = BUILT_PRODUCTS_DIR; };
		7092D17D1DCFEB1A0056A999 /* Swifty_ChessTests.swift */ = {isa = PBXFileReference; lastKnownFileType = sourcecode.swift; path = Swifty_ChessTests.swift; sourceTree = "<group>"; };
		7092D17F1DCFEB1A0056A999 /* Info.plist */ = {isa = PBXFileReference; lastKnownFileType = text.plist.xml; path = Info.plist; sourceTree = "<group>"; };
		70C84AB51DC44619000F2BD9 /* ChessBoard.swift */ = {isa = PBXFileReference; fileEncoding = 4; lastKnownFileType = sourcecode.swift; path = ChessBoard.swift; sourceTree = "<group>"; };
		70C84AB71DC44643000F2BD9 /* ChessPiece.swift */ = {isa = PBXFileReference; fileEncoding = 4; lastKnownFileType = sourcecode.swift; path = ChessPiece.swift; sourceTree = "<group>"; };
		70C84AC81DC8173F000F2BD9 /* BoardIndex.swift */ = {isa = PBXFileReference; fileEncoding = 4; lastKnownFileType = sourcecode.swift; path = BoardIndex.swift; sourceTree = "<group>"; };
		70C84ACA1DC81DE0000F2BD9 /* ChessCell.swift */ = {isa = PBXFileReference; fileEncoding = 4; lastKnownFileType = sourcecode.swift; path = ChessCell.swift; sourceTree = "<group>"; };
		70C84ACC1DC8524C000F2BD9 /* ChessVC.swift */ = {isa = PBXFileReference; fileEncoding = 4; lastKnownFileType = sourcecode.swift; path = ChessVC.swift; sourceTree = "<group>"; };
/* End PBXFileReference section */

/* Begin PBXFrameworksBuildPhase section */
		7076DB5E1DC43B2800F01924 /* Frameworks */ = {
			isa = PBXFrameworksBuildPhase;
			buildActionMask = 2147483647;
			files = (
			);
			runOnlyForDeploymentPostprocessing = 0;
		};
		7092D1781DCFEB1A0056A999 /* Frameworks */ = {
			isa = PBXFrameworksBuildPhase;
			buildActionMask = 2147483647;
			files = (
			);
			runOnlyForDeploymentPostprocessing = 0;
		};
/* End PBXFrameworksBuildPhase section */

/* Begin PBXGroup section */
		7076DB581DC43B2800F01924 = {
			isa = PBXGroup;
			children = (
				7076DB631DC43B2800F01924 /* Swifty Chess */,
				7092D17C1DCFEB1A0056A999 /* Swifty ChessTests */,
				7076DB621DC43B2800F01924 /* Products */,
			);
			sourceTree = "<group>";
		};
		7076DB621DC43B2800F01924 /* Products */ = {
			isa = PBXGroup;
			children = (
				7076DB611DC43B2800F01924 /* Swifty Chess.app */,
				7092D17B1DCFEB1A0056A999 /* Swifty ChessTests.xctest */,
			);
			name = Products;
			sourceTree = "<group>";
		};
		7076DB631DC43B2800F01924 /* Swifty Chess */ = {
			isa = PBXGroup;
			children = (
				70C84AB41DC44605000F2BD9 /* Controller */,
				70C84AB31DC44600000F2BD9 /* View */,
				70C84AB21DC445F8000F2BD9 /* Model */,
				7076DB641DC43B2800F01924 /* AppDelegate.swift */,
				7076DB6B1DC43B2800F01924 /* Assets.xcassets */,
				7076DB6D1DC43B2800F01924 /* LaunchScreen.storyboard */,
				7076DB701DC43B2800F01924 /* Info.plist */,
			);
			path = "Swifty Chess";
			sourceTree = "<group>";
		};
		7092D17C1DCFEB1A0056A999 /* Swifty ChessTests */ = {
			isa = PBXGroup;
			children = (
				7092D17D1DCFEB1A0056A999 /* Swifty_ChessTests.swift */,
				7092D17F1DCFEB1A0056A999 /* Info.plist */,
			);
			path = "Swifty ChessTests";
			sourceTree = "<group>";
		};
		70C84AB21DC445F8000F2BD9 /* Model */ = {
			isa = PBXGroup;
			children = (
				70C84AC31DC56ACA000F2BD9 /* Pieces */,
				70C84AB51DC44619000F2BD9 /* ChessBoard.swift */,
				70C84AC81DC8173F000F2BD9 /* BoardIndex.swift */,
			);
			name = Model;
			sourceTree = "<group>";
		};
		70C84AB31DC44600000F2BD9 /* View */ = {
			isa = PBXGroup;
			children = (
				70C84ACA1DC81DE0000F2BD9 /* ChessCell.swift */,
				70725B4E1DC9784F00C1A506 /* BoardCell.swift */,
			);
			name = View;
			sourceTree = "<group>";
		};
		70C84AB41DC44605000F2BD9 /* Controller */ = {
			isa = PBXGroup;
			children = (
				7076DB661DC43B2800F01924 /* ChessViewController.swift */,
				70C84ACC1DC8524C000F2BD9 /* ChessVC.swift */,
			);
			name = Controller;
			sourceTree = "<group>";
		};
		70C84AC31DC56ACA000F2BD9 /* Pieces */ = {
			isa = PBXGroup;
			children = (
				70C84AB71DC44643000F2BD9 /* ChessPiece.swift */,
			);
			name = Pieces;
			sourceTree = "<group>";
		};
/* End PBXGroup section */

/* Begin PBXNativeTarget section */
		7076DB601DC43B2800F01924 /* Swifty Chess */ = {
			isa = PBXNativeTarget;
			buildConfigurationList = 7076DB731DC43B2800F01924 /* Build configuration list for PBXNativeTarget "Swifty Chess" */;
			buildPhases = (
				7076DB5D1DC43B2800F01924 /* Sources */,
				7076DB5E1DC43B2800F01924 /* Frameworks */,
				7076DB5F1DC43B2800F01924 /* Resources */,
			);
			buildRules = (
			);
			dependencies = (
			);
			name = "Swifty Chess";
			productName = "Swifty Chess";
			productReference = 7076DB611DC43B2800F01924 /* Swifty Chess.app */;
			productType = "com.apple.product-type.application";
		};
		7092D17A1DCFEB1A0056A999 /* Swifty ChessTests */ = {
			isa = PBXNativeTarget;
			buildConfigurationList = 7092D1841DCFEB1A0056A999 /* Build configuration list for PBXNativeTarget "Swifty ChessTests" */;
			buildPhases = (
				7092D1771DCFEB1A0056A999 /* Sources */,
				7092D1781DCFEB1A0056A999 /* Frameworks */,
				7092D1791DCFEB1A0056A999 /* Resources */,
			);
			buildRules = (
			);
			dependencies = (
				7092D1811DCFEB1A0056A999 /* PBXTargetDependency */,
			);
			name = "Swifty ChessTests";
			productName = "Swifty ChessTests";
			productReference = 7092D17B1DCFEB1A0056A999 /* Swifty ChessTests.xctest */;
			productType = "com.apple.product-type.bundle.unit-test";
		};
/* End PBXNativeTarget section */

/* Begin PBXProject section */
		7076DB591DC43B2800F01924 /* Project object */ = {
			isa = PBXProject;
			attributes = {
				LastSwiftUpdateCheck = 0810;
				LastUpgradeCheck = 0810;
				ORGANIZATIONNAME = MSquaredmm;
				TargetAttributes = {
					7076DB601DC43B2800F01924 = {
						CreatedOnToolsVersion = 8.1;
						DevelopmentTeam = DU7XEDNZGC;
						ProvisioningStyle = Automatic;
					};
					7092D17A1DCFEB1A0056A999 = {
						CreatedOnToolsVersion = 8.1;
						DevelopmentTeam = DU7XEDNZGC;
						ProvisioningStyle = Automatic;
						TestTargetID = 7076DB601DC43B2800F01924;
					};
				};
			};
			buildConfigurationList = 7076DB5C1DC43B2800F01924 /* Build configuration list for PBXProject "Swifty Chess" */;
			compatibilityVersion = "Xcode 3.2";
			developmentRegion = English;
			hasScannedForEncodings = 0;
			knownRegions = (
				en,
				Base,
			);
			mainGroup = 7076DB581DC43B2800F01924;
			productRefGroup = 7076DB621DC43B2800F01924 /* Products */;
			projectDirPath = "";
			projectRoot = "";
			targets = (
				7076DB601DC43B2800F01924 /* Swifty Chess */,
				7092D17A1DCFEB1A0056A999 /* Swifty ChessTests */,
			);
		};
/* End PBXProject section */

/* Begin PBXResourcesBuildPhase section */
		7076DB5F1DC43B2800F01924 /* Resources */ = {
			isa = PBXResourcesBuildPhase;
			buildActionMask = 2147483647;
			files = (
				7076DB6F1DC43B2800F01924 /* LaunchScreen.storyboard in Resources */,
				7076DB6C1DC43B2800F01924 /* Assets.xcassets in Resources */,
			);
			runOnlyForDeploymentPostprocessing = 0;
		};
		7092D1791DCFEB1A0056A999 /* Resources */ = {
			isa = PBXResourcesBuildPhase;
			buildActionMask = 2147483647;
			files = (
			);
			runOnlyForDeploymentPostprocessing = 0;
		};
/* End PBXResourcesBuildPhase section */

/* Begin PBXSourcesBuildPhase section */
		7076DB5D1DC43B2800F01924 /* Sources */ = {
			isa = PBXSourcesBuildPhase;
			buildActionMask = 2147483647;
			files = (
				7076DB671DC43B2800F01924 /* ChessViewController.swift in Sources */,
				70C84AB61DC44619000F2BD9 /* ChessBoard.swift in Sources */,
				70C84ACD1DC8524C000F2BD9 /* ChessVC.swift in Sources */,
				70C84ACB1DC81DE0000F2BD9 /* ChessCell.swift in Sources */,
				70725B4F1DC9784F00C1A506 /* BoardCell.swift in Sources */,
				7076DB651DC43B2800F01924 /* AppDelegate.swift in Sources */,
				70C84AB81DC44643000F2BD9 /* ChessPiece.swift in Sources */,
				70C84AC91DC8173F000F2BD9 /* BoardIndex.swift in Sources */,
			);
			runOnlyForDeploymentPostprocessing = 0;
		};
		7092D1771DCFEB1A0056A999 /* Sources */ = {
			isa = PBXSourcesBuildPhase;
			buildActionMask = 2147483647;
			files = (
				7092D17E1DCFEB1A0056A999 /* Swifty_ChessTests.swift in Sources */,
			);
			runOnlyForDeploymentPostprocessing = 0;
		};
/* End PBXSourcesBuildPhase section */

/* Begin PBXTargetDependency section */
		7092D1811DCFEB1A0056A999 /* PBXTargetDependency */ = {
			isa = PBXTargetDependency;
			target = 7076DB601DC43B2800F01924 /* Swifty Chess */;
			targetProxy = 7092D1801DCFEB1A0056A999 /* PBXContainerItemProxy */;
		};
/* End PBXTargetDependency section */

/* Begin PBXVariantGroup section */
		7076DB6D1DC43B2800F01924 /* LaunchScreen.storyboard */ = {
			isa = PBXVariantGroup;
			children = (
				7076DB6E1DC43B2800F01924 /* Base */,
			);
			name = LaunchScreen.storyboard;
			sourceTree = "<group>";
		};
/* End PBXVariantGroup section */

/* Begin XCBuildConfiguration section */
		7076DB711DC43B2800F01924 /* Debug */ = {
			isa = XCBuildConfiguration;
			buildSettings = {
				ALWAYS_SEARCH_USER_PATHS = NO;
				CLANG_ANALYZER_NONNULL = YES;
				CLANG_CXX_LANGUAGE_STANDARD = "gnu++0x";
				CLANG_CXX_LIBRARY = "libc++";
				CLANG_ENABLE_MODULES = YES;
				CLANG_ENABLE_OBJC_ARC = YES;
				CLANG_WARN_BOOL_CONVERSION = YES;
				CLANG_WARN_CONSTANT_CONVERSION = YES;
				CLANG_WARN_DIRECT_OBJC_ISA_USAGE = YES_ERROR;
				CLANG_WARN_DOCUMENTATION_COMMENTS = YES;
				CLANG_WARN_EMPTY_BODY = YES;
				CLANG_WARN_ENUM_CONVERSION = YES;
				CLANG_WARN_INFINITE_RECURSION = YES;
				CLANG_WARN_INT_CONVERSION = YES;
				CLANG_WARN_OBJC_ROOT_CLASS = YES_ERROR;
				CLANG_WARN_SUSPICIOUS_MOVES = YES;
				CLANG_WARN_UNREACHABLE_CODE = YES;
				CLANG_WARN__DUPLICATE_METHOD_MATCH = YES;
				"CODE_SIGN_IDENTITY[sdk=iphoneos*]" = "iPhone Developer";
				COPY_PHASE_STRIP = NO;
				DEBUG_INFORMATION_FORMAT = dwarf;
				ENABLE_STRICT_OBJC_MSGSEND = YES;
				ENABLE_TESTABILITY = YES;
				GCC_C_LANGUAGE_STANDARD = gnu99;
				GCC_DYNAMIC_NO_PIC = NO;
				GCC_NO_COMMON_BLOCKS = YES;
				GCC_OPTIMIZATION_LEVEL = 0;
				GCC_PREPROCESSOR_DEFINITIONS = (
					"DEBUG=1",
					"$(inherited)",
				);
				GCC_WARN_64_TO_32_BIT_CONVERSION = YES;
				GCC_WARN_ABOUT_RETURN_TYPE = YES_ERROR;
				GCC_WARN_UNDECLARED_SELECTOR = YES;
				GCC_WARN_UNINITIALIZED_AUTOS = YES_AGGRESSIVE;
				GCC_WARN_UNUSED_FUNCTION = YES;
				GCC_WARN_UNUSED_VARIABLE = YES;
				IPHONEOS_DEPLOYMENT_TARGET = 10.1;
				MTL_ENABLE_DEBUG_INFO = YES;
				ONLY_ACTIVE_ARCH = YES;
				SDKROOT = iphoneos;
				SWIFT_ACTIVE_COMPILATION_CONDITIONS = DEBUG;
				SWIFT_OPTIMIZATION_LEVEL = "-Onone";
			};
			name = Debug;
		};
		7076DB721DC43B2800F01924 /* Release */ = {
			isa = XCBuildConfiguration;
			buildSettings = {
				ALWAYS_SEARCH_USER_PATHS = NO;
				CLANG_ANALYZER_NONNULL = YES;
				CLANG_CXX_LANGUAGE_STANDARD = "gnu++0x";
				CLANG_CXX_LIBRARY = "libc++";
				CLANG_ENABLE_MODULES = YES;
				CLANG_ENABLE_OBJC_ARC = YES;
				CLANG_WARN_BOOL_CONVERSION = YES;
				CLANG_WARN_CONSTANT_CONVERSION = YES;
				CLANG_WARN_DIRECT_OBJC_ISA_USAGE = YES_ERROR;
				CLANG_WARN_DOCUMENTATION_COMMENTS = YES;
				CLANG_WARN_EMPTY_BODY = YES;
				CLANG_WARN_ENUM_CONVERSION = YES;
				CLANG_WARN_INFINITE_RECURSION = YES;
				CLANG_WARN_INT_CONVERSION = YES;
				CLANG_WARN_OBJC_ROOT_CLASS = YES_ERROR;
				CLANG_WARN_SUSPICIOUS_MOVES = YES;
				CLANG_WARN_UNREACHABLE_CODE = YES;
				CLANG_WARN__DUPLICATE_METHOD_MATCH = YES;
				"CODE_SIGN_IDENTITY[sdk=iphoneos*]" = "iPhone Developer";
				COPY_PHASE_STRIP = NO;
				DEBUG_INFORMATION_FORMAT = "dwarf-with-dsym";
				ENABLE_NS_ASSERTIONS = NO;
				ENABLE_STRICT_OBJC_MSGSEND = YES;
				GCC_C_LANGUAGE_STANDARD = gnu99;
				GCC_NO_COMMON_BLOCKS = YES;
				GCC_WARN_64_TO_32_BIT_CONVERSION = YES;
				GCC_WARN_ABOUT_RETURN_TYPE = YES_ERROR;
				GCC_WARN_UNDECLARED_SELECTOR = YES;
				GCC_WARN_UNINITIALIZED_AUTOS = YES_AGGRESSIVE;
				GCC_WARN_UNUSED_FUNCTION = YES;
				GCC_WARN_UNUSED_VARIABLE = YES;
				IPHONEOS_DEPLOYMENT_TARGET = 10.1;
				MTL_ENABLE_DEBUG_INFO = NO;
				SDKROOT = iphoneos;
				SWIFT_OPTIMIZATION_LEVEL = "-Owholemodule";
				VALIDATE_PRODUCT = YES;
			};
			name = Release;
		};
		7076DB741DC43B2800F01924 /* Debug */ = {
			isa = XCBuildConfiguration;
			buildSettings = {
				ASSETCATALOG_COMPILER_APPICON_NAME = AppIcon;
				DEVELOPMENT_TEAM = DU7XEDNZGC;
				INFOPLIST_FILE = "Swifty Chess/Info.plist";
				LD_RUNPATH_SEARCH_PATHS = "$(inherited) @executable_path/Frameworks";
				PRODUCT_BUNDLE_IDENTIFIER = "com.msquaredmm.Swifty-Chess";
				PRODUCT_NAME = "$(TARGET_NAME)";
				SWIFT_VERSION = 3.0;
			};
			name = Debug;
		};
		7076DB751DC43B2800F01924 /* Release */ = {
			isa = XCBuildConfiguration;
			buildSettings = {
				ASSETCATALOG_COMPILER_APPICON_NAME = AppIcon;
				DEVELOPMENT_TEAM = DU7XEDNZGC;
				INFOPLIST_FILE = "Swifty Chess/Info.plist";
				LD_RUNPATH_SEARCH_PATHS = "$(inherited) @executable_path/Frameworks";
				PRODUCT_BUNDLE_IDENTIFIER = "com.msquaredmm.Swifty-Chess";
				PRODUCT_NAME = "$(TARGET_NAME)";
				SWIFT_VERSION = 3.0;
			};
			name = Release;
		};
		7092D1821DCFEB1A0056A999 /* Debug */ = {
			isa = XCBuildConfiguration;
			buildSettings = {
				BUNDLE_LOADER = "$(TEST_HOST)";
				DEVELOPMENT_TEAM = DU7XEDNZGC;
				INFOPLIST_FILE = "Swifty ChessTests/Info.plist";
				LD_RUNPATH_SEARCH_PATHS = "$(inherited) @executable_path/Frameworks @loader_path/Frameworks";
				PRODUCT_BUNDLE_IDENTIFIER = "com.msquaredmm.Swifty-ChessTests";
				PRODUCT_NAME = "$(TARGET_NAME)";
				SWIFT_VERSION = 3.0;
				TEST_HOST = "$(BUILT_PRODUCTS_DIR)/Swifty Chess.app/Swifty Chess";
			};
			name = Debug;
		};
		7092D1831DCFEB1A0056A999 /* Release */ = {
			isa = XCBuildConfiguration;
			buildSettings = {
				BUNDLE_LOADER = "$(TEST_HOST)";
				DEVELOPMENT_TEAM = DU7XEDNZGC;
				INFOPLIST_FILE = "Swifty ChessTests/Info.plist";
				LD_RUNPATH_SEARCH_PATHS = "$(inherited) @executable_path/Frameworks @loader_path/Frameworks";
				PRODUCT_BUNDLE_IDENTIFIER = "com.msquaredmm.Swifty-ChessTests";
				PRODUCT_NAME = "$(TARGET_NAME)";
				SWIFT_VERSION = 3.0;
				TEST_HOST = "$(BUILT_PRODUCTS_DIR)/Swifty Chess.app/Swifty Chess";
			};
			name = Release;
		};
/* End XCBuildConfiguration section */

/* Begin XCConfigurationList section */
		7076DB5C1DC43B2800F01924 /* Build configuration list for PBXProject "Swifty Chess" */ = {
			isa = XCConfigurationList;
			buildConfigurations = (
				7076DB711DC43B2800F01924 /* Debug */,
				7076DB721DC43B2800F01924 /* Release */,
			);
			defaultConfigurationIsVisible = 0;
			defaultConfigurationName = Release;
		};
		7076DB731DC43B2800F01924 /* Build configuration list for PBXNativeTarget "Swifty Chess" */ = {
			isa = XCConfigurationList;
			buildConfigurations = (
				7076DB741DC43B2800F01924 /* Debug */,
				7076DB751DC43B2800F01924 /* Release */,
			);
			defaultConfigurationIsVisible = 0;
			defaultConfigurationName = Release;
		};
		7092D1841DCFEB1A0056A999 /* Build configuration list for PBXNativeTarget "Swifty ChessTests" */ = {
			isa = XCConfigurationList;
			buildConfigurations = (
				7092D1821DCFEB1A0056A999 /* Debug */,
				7092D1831DCFEB1A0056A999 /* Release */,
			);
			defaultConfigurationIsVisible = 0;
			defaultConfigurationName = Release;
		};
/* End XCConfigurationList section */
	};
	rootObject = 7076DB591DC43B2800F01924 /* Project object */;
}
